
Microsoft Visual Studio Solution File, Format Version 11.00
# Visual Studio 2010
# SharpDevelop 5.1
Project("{FAE04EC0-301F-11D3-BF4B-00C04F79EFBC}") = "Atividade1", "Atividade1\Atividade1.csproj", "{5E69222F-19FB-4F6B-86C6-273FBB2933FD}"
EndProject
Global
	GlobalSection(SolutionConfigurationPlatforms) = preSolution
		Debug|Any CPU = Debug|Any CPU
		Release|Any CPU = Release|Any CPU
	EndGlobalSection
	GlobalSection(ProjectConfigurationPlatforms) = postSolution
		{5E69222F-19FB-4F6B-86C6-273FBB2933FD}.Debug|Any CPU.ActiveCfg = Debug|Any CPU
		{5E69222F-19FB-4F6B-86C6-273FBB2933FD}.Debug|Any CPU.Build.0 = Debug|Any CPU
		{5E69222F-19FB-4F6B-86C6-273FBB2933FD}.Release|Any CPU.ActiveCfg = Release|Any CPU
		{5E69222F-19FB-4F6B-86C6-273FBB2933FD}.Release|Any CPU.Build.0 = Release|Any CPU
	EndGlobalSection
EndGlobal
